
Microsoft Visual Studio Solution File, Format Version 12.00
# Visual Studio 15
VisualStudioVersion = 15.0.26430.6
MinimumVisualStudioVersion = 10.0.40219.1
Project("{FAE04EC0-301F-11D3-BF4B-00C04F79EFBC}") = "TestApplication", "TestApplication\TestApplication.csproj", "{B99388C2-2E53-44B3-942F-6F1E8D901231}"
EndProject
Project("{FAE04EC0-301F-11D3-BF4B-00C04F79EFBC}") = "PixirayDiscord", "PixirayDiscord\PixirayDiscord.csproj", "{C1CCB87F-05B0-466E-8812-94892705D11A}"
EndProject
Project("{2150E333-8FDC-42A3-9474-1A3956D46DE8}") = "Test", "Test", "{212F9A75-54F4-471F-93E6-E4CC244E2E9A}"
EndProject
Project("{2150E333-8FDC-42A3-9474-1A3956D46DE8}") = "Api", "Api", "{ABD37BB5-43DF-41D0-9ECA-0E3C80C86076}"
EndProject
Global
	GlobalSection(SolutionConfigurationPlatforms) = preSolution
		Debug|Any CPU = Debug|Any CPU
		Release|Any CPU = Release|Any CPU
	EndGlobalSection
	GlobalSection(ProjectConfigurationPlatforms) = postSolution
		{B99388C2-2E53-44B3-942F-6F1E8D901231}.Debug|Any CPU.ActiveCfg = Debug|Any CPU
		{B99388C2-2E53-44B3-942F-6F1E8D901231}.Debug|Any CPU.Build.0 = Debug|Any CPU
		{B99388C2-2E53-44B3-942F-6F1E8D901231}.Release|Any CPU.ActiveCfg = Release|Any CPU
		{B99388C2-2E53-44B3-942F-6F1E8D901231}.Release|Any CPU.Build.0 = Release|Any CPU
		{C1CCB87F-05B0-466E-8812-94892705D11A}.Debug|Any CPU.ActiveCfg = Debug|Any CPU
		{C1CCB87F-05B0-466E-8812-94892705D11A}.Debug|Any CPU.Build.0 = Debug|Any CPU
		{C1CCB87F-05B0-466E-8812-94892705D11A}.Release|Any CPU.ActiveCfg = Release|Any CPU
		{C1CCB87F-05B0-466E-8812-94892705D11A}.Release|Any CPU.Build.0 = Release|Any CPU
	EndGlobalSection
	GlobalSection(SolutionProperties) = preSolution
		HideSolutionNode = FALSE
	EndGlobalSection
	GlobalSection(NestedProjects) = preSolution
		{B99388C2-2E53-44B3-942F-6F1E8D901231} = {212F9A75-54F4-471F-93E6-E4CC244E2E9A}
		{C1CCB87F-05B0-466E-8812-94892705D11A} = {ABD37BB5-43DF-41D0-9ECA-0E3C80C86076}
	EndGlobalSection
EndGlobal
